// !$*UTF8*$!
{
	archiveVersion = 1;
	classes = {
	};
	objectVersion = 55;
	objects = {

/* Begin PBXBuildFile section */
		A123F61A297DD29F00A2ABD5 /* UITextField+Extensions.swift in Sources */ = {isa = PBXBuildFile; fileRef = A123F619297DD29F00A2ABD5 /* UITextField+Extensions.swift */; };
		A123F61C297DD2B500A2ABD5 /* String+Extensions.swift in Sources */ = {isa = PBXBuildFile; fileRef = A123F61B297DD2B500A2ABD5 /* String+Extensions.swift */; };
		A123F61E297DD30700A2ABD5 /* UIButton+Extensions.swift in Sources */ = {isa = PBXBuildFile; fileRef = A123F61D297DD30700A2ABD5 /* UIButton+Extensions.swift */; };
		A123F620297DD31000A2ABD5 /* UISearch+Extensions.swift in Sources */ = {isa = PBXBuildFile; fileRef = A123F61F297DD31000A2ABD5 /* UISearch+Extensions.swift */; };
		A123F622297DD31F00A2ABD5 /* UIImageView+Extensions.swift in Sources */ = {isa = PBXBuildFile; fileRef = A123F621297DD31F00A2ABD5 /* UIImageView+Extensions.swift */; };
		A123F624297DD32B00A2ABD5 /* CGFloat+Constants.swift in Sources */ = {isa = PBXBuildFile; fileRef = A123F623297DD32B00A2ABD5 /* CGFloat+Constants.swift */; };
		A13FFBE928562402004F6E5A /* AppDelegate.swift in Sources */ = {isa = PBXBuildFile; fileRef = A13FFBE828562402004F6E5A /* AppDelegate.swift */; };
		A13FFBEB28562402004F6E5A /* SceneDelegate.swift in Sources */ = {isa = PBXBuildFile; fileRef = A13FFBEA28562402004F6E5A /* SceneDelegate.swift */; };
		A13FFBED28562402004F6E5A /* ViewController.swift in Sources */ = {isa = PBXBuildFile; fileRef = A13FFBEC28562402004F6E5A /* ViewController.swift */; };
		A13FFBF028562402004F6E5A /* Main.storyboard in Resources */ = {isa = PBXBuildFile; fileRef = A13FFBEE28562402004F6E5A /* Main.storyboard */; };
		A13FFBF228562403004F6E5A /* Assets.xcassets in Resources */ = {isa = PBXBuildFile; fileRef = A13FFBF128562403004F6E5A /* Assets.xcassets */; };
		A13FFBF528562403004F6E5A /* LaunchScreen.storyboard in Resources */ = {isa = PBXBuildFile; fileRef = A13FFBF328562403004F6E5A /* LaunchScreen.storyboard */; };
		A13FFC02285625A6004F6E5A /* UILabel+Extensions.swift in Sources */ = {isa = PBXBuildFile; fileRef = A13FFC00285625A6004F6E5A /* UILabel+Extensions.swift */; };
		A13FFC03285625A6004F6E5A /* UIStackView+Extensions.swift in Sources */ = {isa = PBXBuildFile; fileRef = A13FFC01285625A6004F6E5A /* UIStackView+Extensions.swift */; };
		A13FFC06285625ED004F6E5A /* Date+Extensions.swift in Sources */ = {isa = PBXBuildFile; fileRef = A13FFC05285625ED004F6E5A /* Date+Extensions.swift */; };
		A13FFC0828562609004F6E5A /* UIFont+Extensions.swift in Sources */ = {isa = PBXBuildFile; fileRef = A13FFC0728562609004F6E5A /* UIFont+Extensions.swift */; };
		A13FFC0A28562623004F6E5A /* UITableView+Extensions.swift in Sources */ = {isa = PBXBuildFile; fileRef = A13FFC0928562623004F6E5A /* UITableView+Extensions.swift */; };
		A13FFC0E28562695004F6E5A /* UIView+Extensions.swift in Sources */ = {isa = PBXBuildFile; fileRef = A13FFC0D28562695004F6E5A /* UIView+Extensions.swift */; };
		A13FFC10285626D6004F6E5A /* UIViewController+Extensions.swift in Sources */ = {isa = PBXBuildFile; fileRef = A13FFC0F285626D6004F6E5A /* UIViewController+Extensions.swift */; };
/* End PBXBuildFile section */

/* Begin PBXFileReference section */
		A123F619297DD29F00A2ABD5 /* UITextField+Extensions.swift */ = {isa = PBXFileReference; fileEncoding = 4; lastKnownFileType = sourcecode.swift; path = "UITextField+Extensions.swift"; sourceTree = "<group>"; };
		A123F61B297DD2B500A2ABD5 /* String+Extensions.swift */ = {isa = PBXFileReference; fileEncoding = 4; lastKnownFileType = sourcecode.swift; path = "String+Extensions.swift"; sourceTree = "<group>"; };
		A123F61D297DD30700A2ABD5 /* UIButton+Extensions.swift */ = {isa = PBXFileReference; fileEncoding = 4; lastKnownFileType = sourcecode.swift; path = "UIButton+Extensions.swift"; sourceTree = "<group>"; };
		A123F61F297DD31000A2ABD5 /* UISearch+Extensions.swift */ = {isa = PBXFileReference; fileEncoding = 4; lastKnownFileType = sourcecode.swift; path = "UISearch+Extensions.swift"; sourceTree = "<group>"; };
		A123F621297DD31F00A2ABD5 /* UIImageView+Extensions.swift */ = {isa = PBXFileReference; fileEncoding = 4; lastKnownFileType = sourcecode.swift; path = "UIImageView+Extensions.swift"; sourceTree = "<group>"; };
		A123F623297DD32B00A2ABD5 /* CGFloat+Constants.swift */ = {isa = PBXFileReference; fileEncoding = 4; lastKnownFileType = sourcecode.swift; path = "CGFloat+Constants.swift"; sourceTree = "<group>"; };
		A13FFBE528562402004F6E5A /* MySwiftExtensions.app */ = {isa = PBXFileReference; explicitFileType = wrapper.application; includeInIndex = 0; path = MySwiftExtensions.app; sourceTree = BUILT_PRODUCTS_DIR; };
		A13FFBE828562402004F6E5A /* AppDelegate.swift */ = {isa = PBXFileReference; lastKnownFileType = sourcecode.swift; path = AppDelegate.swift; sourceTree = "<group>"; };
		A13FFBEA28562402004F6E5A /* SceneDelegate.swift */ = {isa = PBXFileReference; lastKnownFileType = sourcecode.swift; path = SceneDelegate.swift; sourceTree = "<group>"; };
		A13FFBEC28562402004F6E5A /* ViewController.swift */ = {isa = PBXFileReference; lastKnownFileType = sourcecode.swift; path = ViewController.swift; sourceTree = "<group>"; };
		A13FFBEF28562402004F6E5A /* Base */ = {isa = PBXFileReference; lastKnownFileType = file.storyboard; name = Base; path = Base.lproj/Main.storyboard; sourceTree = "<group>"; };
		A13FFBF128562403004F6E5A /* Assets.xcassets */ = {isa = PBXFileReference; lastKnownFileType = folder.assetcatalog; path = Assets.xcassets; sourceTree = "<group>"; };
		A13FFBF428562403004F6E5A /* Base */ = {isa = PBXFileReference; lastKnownFileType = file.storyboard; name = Base; path = Base.lproj/LaunchScreen.storyboard; sourceTree = "<group>"; };
		A13FFBF628562403004F6E5A /* Info.plist */ = {isa = PBXFileReference; lastKnownFileType = text.plist.xml; path = Info.plist; sourceTree = "<group>"; };
		A13FFC00285625A6004F6E5A /* UILabel+Extensions.swift */ = {isa = PBXFileReference; fileEncoding = 4; lastKnownFileType = sourcecode.swift; path = "UILabel+Extensions.swift"; sourceTree = "<group>"; };
		A13FFC01285625A6004F6E5A /* UIStackView+Extensions.swift */ = {isa = PBXFileReference; fileEncoding = 4; lastKnownFileType = sourcecode.swift; path = "UIStackView+Extensions.swift"; sourceTree = "<group>"; };
		A13FFC05285625ED004F6E5A /* Date+Extensions.swift */ = {isa = PBXFileReference; lastKnownFileType = sourcecode.swift; path = "Date+Extensions.swift"; sourceTree = "<group>"; };
		A13FFC0728562609004F6E5A /* UIFont+Extensions.swift */ = {isa = PBXFileReference; lastKnownFileType = sourcecode.swift; path = "UIFont+Extensions.swift"; sourceTree = "<group>"; };
		A13FFC0928562623004F6E5A /* UITableView+Extensions.swift */ = {isa = PBXFileReference; lastKnownFileType = sourcecode.swift; path = "UITableView+Extensions.swift"; sourceTree = "<group>"; };
		A13FFC0D28562695004F6E5A /* UIView+Extensions.swift */ = {isa = PBXFileReference; lastKnownFileType = sourcecode.swift; path = "UIView+Extensions.swift"; sourceTree = "<group>"; };
		A13FFC0F285626D6004F6E5A /* UIViewController+Extensions.swift */ = {isa = PBXFileReference; lastKnownFileType = sourcecode.swift; path = "UIViewController+Extensions.swift"; sourceTree = "<group>"; };
/* End PBXFileReference section */

/* Begin PBXFrameworksBuildPhase section */
		A13FFBE228562402004F6E5A /* Frameworks */ = {
			isa = PBXFrameworksBuildPhase;
			buildActionMask = 2147483647;
			files = (
			);
			runOnlyForDeploymentPostprocessing = 0;
		};
/* End PBXFrameworksBuildPhase section */

/* Begin PBXGroup section */
		A13FFBDC28562402004F6E5A = {
			isa = PBXGroup;
			children = (
				A13FFBE728562402004F6E5A /* MySwiftExtensions */,
				A13FFBE628562402004F6E5A /* Products */,
			);
			sourceTree = "<group>";
		};
		A13FFBE628562402004F6E5A /* Products */ = {
			isa = PBXGroup;
			children = (
				A13FFBE528562402004F6E5A /* MySwiftExtensions.app */,
			);
			name = Products;
			sourceTree = "<group>";
		};
		A13FFBE728562402004F6E5A /* MySwiftExtensions */ = {
			isa = PBXGroup;
			children = (
				A13FFC12285626E6004F6E5A /* Application */,
				A13FFC04285625B5004F6E5A /* Extensions */,
				A13FFC11285626DE004F6E5A /* Resources */,
				A13FFBF628562403004F6E5A /* Info.plist */,
			);
			path = MySwiftExtensions;
			sourceTree = "<group>";
		};
		A13FFC04285625B5004F6E5A /* Extensions */ = {
			isa = PBXGroup;
			children = (
				A13FFC00285625A6004F6E5A /* UILabel+Extensions.swift */,
				A13FFC0928562623004F6E5A /* UITableView+Extensions.swift */,
				A13FFC0728562609004F6E5A /* UIFont+Extensions.swift */,
				A13FFC05285625ED004F6E5A /* Date+Extensions.swift */,
				A123F61D297DD30700A2ABD5 /* UIButton+Extensions.swift */,
				A123F619297DD29F00A2ABD5 /* UITextField+Extensions.swift */,
				A123F61F297DD31000A2ABD5 /* UISearch+Extensions.swift */,
				A123F61B297DD2B500A2ABD5 /* String+Extensions.swift */,
				A123F621297DD31F00A2ABD5 /* UIImageView+Extensions.swift */,
				A123F623297DD32B00A2ABD5 /* CGFloat+Constants.swift */,
				A13FFC0D28562695004F6E5A /* UIView+Extensions.swift */,
				A13FFC0F285626D6004F6E5A /* UIViewController+Extensions.swift */,
				A13FFC01285625A6004F6E5A /* UIStackView+Extensions.swift */,
			);
			path = Extensions;
			sourceTree = "<group>";
		};
		A13FFC11285626DE004F6E5A /* Resources */ = {
			isa = PBXGroup;
			children = (
				A13FFBEE28562402004F6E5A /* Main.storyboard */,
				A13FFBF128562403004F6E5A /* Assets.xcassets */,
				A13FFBF328562403004F6E5A /* LaunchScreen.storyboard */,
			);
			path = Resources;
			sourceTree = "<group>";
		};
		A13FFC12285626E6004F6E5A /* Application */ = {
			isa = PBXGroup;
			children = (
				A13FFBEC28562402004F6E5A /* ViewController.swift */,
				A13FFBE828562402004F6E5A /* AppDelegate.swift */,
				A13FFBEA28562402004F6E5A /* SceneDelegate.swift */,
			);
			path = Application;
			sourceTree = "<group>";
		};
/* End PBXGroup section */

/* Begin PBXNativeTarget section */
		A13FFBE428562402004F6E5A /* MySwiftExtensions */ = {
			isa = PBXNativeTarget;
			buildConfigurationList = A13FFBF928562403004F6E5A /* Build configuration list for PBXNativeTarget "MySwiftExtensions" */;
			buildPhases = (
				A13FFBE128562402004F6E5A /* Sources */,
				A13FFBE228562402004F6E5A /* Frameworks */,
				A13FFBE328562402004F6E5A /* Resources */,
			);
			buildRules = (
			);
			dependencies = (
			);
			name = MySwiftExtensions;
			productName = MySwiftExtensions;
			productReference = A13FFBE528562402004F6E5A /* MySwiftExtensions.app */;
			productType = "com.apple.product-type.application";
		};
/* End PBXNativeTarget section */

/* Begin PBXProject section */
		A13FFBDD28562402004F6E5A /* Project object */ = {
			isa = PBXProject;
			attributes = {
				BuildIndependentTargetsInParallel = 1;
				LastSwiftUpdateCheck = 1330;
				LastUpgradeCheck = 1330;
				TargetAttributes = {
					A13FFBE428562402004F6E5A = {
						CreatedOnToolsVersion = 13.3.1;
					};
				};
			};
			buildConfigurationList = A13FFBE028562402004F6E5A /* Build configuration list for PBXProject "MySwiftExtensions" */;
			compatibilityVersion = "Xcode 13.0";
			developmentRegion = en;
			hasScannedForEncodings = 0;
			knownRegions = (
				en,
				Base,
			);
			mainGroup = A13FFBDC28562402004F6E5A;
			productRefGroup = A13FFBE628562402004F6E5A /* Products */;
			projectDirPath = "";
			projectRoot = "";
			targets = (
				A13FFBE428562402004F6E5A /* MySwiftExtensions */,
			);
		};
/* End PBXProject section */

/* Begin PBXResourcesBuildPhase section */
		A13FFBE328562402004F6E5A /* Resources */ = {
			isa = PBXResourcesBuildPhase;
			buildActionMask = 2147483647;
			files = (
				A13FFBF528562403004F6E5A /* LaunchScreen.storyboard in Resources */,
				A13FFBF228562403004F6E5A /* Assets.xcassets in Resources */,
				A13FFBF028562402004F6E5A /* Main.storyboard in Resources */,
			);
			runOnlyForDeploymentPostprocessing = 0;
		};
/* End PBXResourcesBuildPhase section */

/* Begin PBXSourcesBuildPhase section */
		A13FFBE128562402004F6E5A /* Sources */ = {
			isa = PBXSourcesBuildPhase;
			buildActionMask = 2147483647;
			files = (
				A123F622297DD31F00A2ABD5 /* UIImageView+Extensions.swift in Sources */,
				A123F61A297DD29F00A2ABD5 /* UITextField+Extensions.swift in Sources */,
				A13FFC02285625A6004F6E5A /* UILabel+Extensions.swift in Sources */,
				A13FFBED28562402004F6E5A /* ViewController.swift in Sources */,
				A13FFC10285626D6004F6E5A /* UIViewController+Extensions.swift in Sources */,
				A123F61C297DD2B500A2ABD5 /* String+Extensions.swift in Sources */,
				A13FFC03285625A6004F6E5A /* UIStackView+Extensions.swift in Sources */,
				A13FFC0E28562695004F6E5A /* UIView+Extensions.swift in Sources */,
				A13FFC0A28562623004F6E5A /* UITableView+Extensions.swift in Sources */,
				A13FFBE928562402004F6E5A /* AppDelegate.swift in Sources */,
				A123F624297DD32B00A2ABD5 /* CGFloat+Constants.swift in Sources */,
				A13FFBEB28562402004F6E5A /* SceneDelegate.swift in Sources */,
				A13FFC06285625ED004F6E5A /* Date+Extensions.swift in Sources */,
				A13FFC0828562609004F6E5A /* UIFont+Extensions.swift in Sources */,
				A123F61E297DD30700A2ABD5 /* UIButton+Extensions.swift in Sources */,
				A123F620297DD31000A2ABD5 /* UISearch+Extensions.swift in Sources */,
			);
			runOnlyForDeploymentPostprocessing = 0;
		};
/* End PBXSourcesBuildPhase section */

/* Begin PBXVariantGroup section */
		A13FFBEE28562402004F6E5A /* Main.storyboard */ = {
			isa = PBXVariantGroup;
			children = (
				A13FFBEF28562402004F6E5A /* Base */,
			);
			name = Main.storyboard;
			sourceTree = "<group>";
		};
		A13FFBF328562403004F6E5A /* LaunchScreen.storyboard */ = {
			isa = PBXVariantGroup;
			children = (
				A13FFBF428562403004F6E5A /* Base */,
			);
			name = LaunchScreen.storyboard;
			sourceTree = "<group>";
		};
/* End PBXVariantGroup section */

/* Begin XCBuildConfiguration section */
		A13FFBF728562403004F6E5A /* Debug */ = {
			isa = XCBuildConfiguration;
			buildSettings = {
				ALWAYS_SEARCH_USER_PATHS = NO;
				CLANG_ANALYZER_NONNULL = YES;
				CLANG_ANALYZER_NUMBER_OBJECT_CONVERSION = YES_AGGRESSIVE;
				CLANG_CXX_LANGUAGE_STANDARD = "gnu++17";
				CLANG_ENABLE_MODULES = YES;
				CLANG_ENABLE_OBJC_ARC = YES;
				CLANG_ENABLE_OBJC_WEAK = YES;
				CLANG_WARN_BLOCK_CAPTURE_AUTORELEASING = YES;
				CLANG_WARN_BOOL_CONVERSION = YES;
				CLANG_WARN_COMMA = YES;
				CLANG_WARN_CONSTANT_CONVERSION = YES;
				CLANG_WARN_DEPRECATED_OBJC_IMPLEMENTATIONS = YES;
				CLANG_WARN_DIRECT_OBJC_ISA_USAGE = YES_ERROR;
				CLANG_WARN_DOCUMENTATION_COMMENTS = YES;
				CLANG_WARN_EMPTY_BODY = YES;
				CLANG_WARN_ENUM_CONVERSION = YES;
				CLANG_WARN_INFINITE_RECURSION = YES;
				CLANG_WARN_INT_CONVERSION = YES;
				CLANG_WARN_NON_LITERAL_NULL_CONVERSION = YES;
				CLANG_WARN_OBJC_IMPLICIT_RETAIN_SELF = YES;
				CLANG_WARN_OBJC_LITERAL_CONVERSION = YES;
				CLANG_WARN_OBJC_ROOT_CLASS = YES_ERROR;
				CLANG_WARN_QUOTED_INCLUDE_IN_FRAMEWORK_HEADER = YES;
				CLANG_WARN_RANGE_LOOP_ANALYSIS = YES;
				CLANG_WARN_STRICT_PROTOTYPES = YES;
				CLANG_WARN_SUSPICIOUS_MOVE = YES;
				CLANG_WARN_UNGUARDED_AVAILABILITY = YES_AGGRESSIVE;
				CLANG_WARN_UNREACHABLE_CODE = YES;
				CLANG_WARN__DUPLICATE_METHOD_MATCH = YES;
				COPY_PHASE_STRIP = NO;
				DEBUG_INFORMATION_FORMAT = dwarf;
				ENABLE_STRICT_OBJC_MSGSEND = YES;
				ENABLE_TESTABILITY = YES;
				GCC_C_LANGUAGE_STANDARD = gnu11;
				GCC_DYNAMIC_NO_PIC = NO;
				GCC_NO_COMMON_BLOCKS = YES;
				GCC_OPTIMIZATION_LEVEL = 0;
				GCC_PREPROCESSOR_DEFINITIONS = (
					"DEBUG=1",
					"$(inherited)",
				);
				GCC_WARN_64_TO_32_BIT_CONVERSION = YES;
				GCC_WARN_ABOUT_RETURN_TYPE = YES_ERROR;
				GCC_WARN_UNDECLARED_SELECTOR = YES;
				GCC_WARN_UNINITIALIZED_AUTOS = YES_AGGRESSIVE;
				GCC_WARN_UNUSED_FUNCTION = YES;
				GCC_WARN_UNUSED_VARIABLE = YES;
				IPHONEOS_DEPLOYMENT_TARGET = 15.4;
				MTL_ENABLE_DEBUG_INFO = INCLUDE_SOURCE;
				MTL_FAST_MATH = YES;
				ONLY_ACTIVE_ARCH = YES;
				SDKROOT = iphoneos;
				SWIFT_ACTIVE_COMPILATION_CONDITIONS = DEBUG;
				SWIFT_OPTIMIZATION_LEVEL = "-Onone";
			};
			name = Debug;
		};
		A13FFBF828562403004F6E5A /* Release */ = {
			isa = XCBuildConfiguration;
			buildSettings = {
				ALWAYS_SEARCH_USER_PATHS = NO;
				CLANG_ANALYZER_NONNULL = YES;
				CLANG_ANALYZER_NUMBER_OBJECT_CONVERSION = YES_AGGRESSIVE;
				CLANG_CXX_LANGUAGE_STANDARD = "gnu++17";
				CLANG_ENABLE_MODULES = YES;
				CLANG_ENABLE_OBJC_ARC = YES;
				CLANG_ENABLE_OBJC_WEAK = YES;
				CLANG_WARN_BLOCK_CAPTURE_AUTORELEASING = YES;
				CLANG_WARN_BOOL_CONVERSION = YES;
				CLANG_WARN_COMMA = YES;
				CLANG_WARN_CONSTANT_CONVERSION = YES;
				CLANG_WARN_DEPRECATED_OBJC_IMPLEMENTATIONS = YES;
				CLANG_WARN_DIRECT_OBJC_ISA_USAGE = YES_ERROR;
				CLANG_WARN_DOCUMENTATION_COMMENTS = YES;
				CLANG_WARN_EMPTY_BODY = YES;
				CLANG_WARN_ENUM_CONVERSION = YES;
				CLANG_WARN_INFINITE_RECURSION = YES;
				CLANG_WARN_INT_CONVERSION = YES;
				CLANG_WARN_NON_LITERAL_NULL_CONVERSION = YES;
				CLANG_WARN_OBJC_IMPLICIT_RETAIN_SELF = YES;
				CLANG_WARN_OBJC_LITERAL_CONVERSION = YES;
				CLANG_WARN_OBJC_ROOT_CLASS = YES_ERROR;
				CLANG_WARN_QUOTED_INCLUDE_IN_FRAMEWORK_HEADER = YES;
				CLANG_WARN_RANGE_LOOP_ANALYSIS = YES;
				CLANG_WARN_STRICT_PROTOTYPES = YES;
				CLANG_WARN_SUSPICIOUS_MOVE = YES;
				CLANG_WARN_UNGUARDED_AVAILABILITY = YES_AGGRESSIVE;
				CLANG_WARN_UNREACHABLE_CODE = YES;
				CLANG_WARN__DUPLICATE_METHOD_MATCH = YES;
				COPY_PHASE_STRIP = NO;
				DEBUG_INFORMATION_FORMAT = "dwarf-with-dsym";
				ENABLE_NS_ASSERTIONS = NO;
				ENABLE_STRICT_OBJC_MSGSEND = YES;
				GCC_C_LANGUAGE_STANDARD = gnu11;
				GCC_NO_COMMON_BLOCKS = YES;
				GCC_WARN_64_TO_32_BIT_CONVERSION = YES;
				GCC_WARN_ABOUT_RETURN_TYPE = YES_ERROR;
				GCC_WARN_UNDECLARED_SELECTOR = YES;
				GCC_WARN_UNINITIALIZED_AUTOS = YES_AGGRESSIVE;
				GCC_WARN_UNUSED_FUNCTION = YES;
				GCC_WARN_UNUSED_VARIABLE = YES;
				IPHONEOS_DEPLOYMENT_TARGET = 15.4;
				MTL_ENABLE_DEBUG_INFO = NO;
				MTL_FAST_MATH = YES;
				SDKROOT = iphoneos;
				SWIFT_COMPILATION_MODE = wholemodule;
				SWIFT_OPTIMIZATION_LEVEL = "-O";
				VALIDATE_PRODUCT = YES;
			};
			name = Release;
		};
		A13FFBFA28562403004F6E5A /* Debug */ = {
			isa = XCBuildConfiguration;
			buildSettings = {
				ASSETCATALOG_COMPILER_APPICON_NAME = AppIcon;
				ASSETCATALOG_COMPILER_GLOBAL_ACCENT_COLOR_NAME = AccentColor;
				CODE_SIGN_STYLE = Automatic;
				CURRENT_PROJECT_VERSION = 1;
				DEVELOPMENT_TEAM = A55B4JSB5L;
				GENERATE_INFOPLIST_FILE = YES;
				INFOPLIST_FILE = MySwiftExtensions/Info.plist;
				INFOPLIST_KEY_UIApplicationSupportsIndirectInputEvents = YES;
				INFOPLIST_KEY_UILaunchStoryboardName = LaunchScreen;
				INFOPLIST_KEY_UIMainStoryboardFile = Main;
				INFOPLIST_KEY_UISupportedInterfaceOrientations_iPad = "UIInterfaceOrientationPortrait UIInterfaceOrientationPortraitUpsideDown UIInterfaceOrientationLandscapeLeft UIInterfaceOrientationLandscapeRight";
				INFOPLIST_KEY_UISupportedInterfaceOrientations_iPhone = "UIInterfaceOrientationPortrait UIInterfaceOrientationLandscapeLeft UIInterfaceOrientationLandscapeRight";
				LD_RUNPATH_SEARCH_PATHS = (
					"$(inherited)",
					"@executable_path/Frameworks",
				);
				MARKETING_VERSION = 1.0;
				PRODUCT_BUNDLE_IDENTIFIER = com.oksana.poliakova.MySwiftExtensions;
				PRODUCT_NAME = "$(TARGET_NAME)";
				SWIFT_EMIT_LOC_STRINGS = YES;
				SWIFT_VERSION = 5.0;
				TARGETED_DEVICE_FAMILY = "1,2";
			};
			name = Debug;
		};
		A13FFBFB28562403004F6E5A /* Release */ = {
			isa = XCBuildConfiguration;
			buildSettings = {
				ASSETCATALOG_COMPILER_APPICON_NAME = AppIcon;
				ASSETCATALOG_COMPILER_GLOBAL_ACCENT_COLOR_NAME = AccentColor;
				CODE_SIGN_STYLE = Automatic;
				CURRENT_PROJECT_VERSION = 1;
				DEVELOPMENT_TEAM = A55B4JSB5L;
				GENERATE_INFOPLIST_FILE = YES;
				INFOPLIST_FILE = MySwiftExtensions/Info.plist;
				INFOPLIST_KEY_UIApplicationSupportsIndirectInputEvents = YES;
				INFOPLIST_KEY_UILaunchStoryboardName = LaunchScreen;
				INFOPLIST_KEY_UIMainStoryboardFile = Main;
				INFOPLIST_KEY_UISupportedInterfaceOrientations_iPad = "UIInterfaceOrientationPortrait UIInterfaceOrientationPortraitUpsideDown UIInterfaceOrientationLandscapeLeft UIInterfaceOrientationLandscapeRight";
				INFOPLIST_KEY_UISupportedInterfaceOrientations_iPhone = "UIInterfaceOrientationPortrait UIInterfaceOrientationLandscapeLeft UIInterfaceOrientationLandscapeRight";
				LD_RUNPATH_SEARCH_PATHS = (
					"$(inherited)",
					"@executable_path/Frameworks",
				);
				MARKETING_VERSION = 1.0;
				PRODUCT_BUNDLE_IDENTIFIER = com.oksana.poliakova.MySwiftExtensions;
				PRODUCT_NAME = "$(TARGET_NAME)";
				SWIFT_EMIT_LOC_STRINGS = YES;
				SWIFT_VERSION = 5.0;
				TARGETED_DEVICE_FAMILY = "1,2";
			};
			name = Release;
		};
/* End XCBuildConfiguration section */

/* Begin XCConfigurationList section */
		A13FFBE028562402004F6E5A /* Build configuration list for PBXProject "MySwiftExtensions" */ = {
			isa = XCConfigurationList;
			buildConfigurations = (
				A13FFBF728562403004F6E5A /* Debug */,
				A13FFBF828562403004F6E5A /* Release */,
			);
			defaultConfigurationIsVisible = 0;
			defaultConfigurationName = Release;
		};
		A13FFBF928562403004F6E5A /* Build configuration list for PBXNativeTarget "MySwiftExtensions" */ = {
			isa = XCConfigurationList;
			buildConfigurations = (
				A13FFBFA28562403004F6E5A /* Debug */,
				A13FFBFB28562403004F6E5A /* Release */,
			);
			defaultConfigurationIsVisible = 0;
			defaultConfigurationName = Release;
		};
/* End XCConfigurationList section */
	};
	rootObject = A13FFBDD28562402004F6E5A /* Project object */;
}
